{
  "name": "horizonst-store-web",
  "version": "0.1.0",
  "lockfileVersion": 3,
  "requires": true,
  "packages": {
    "": {
      "name": "horizonst-store-web",
      "version": "0.1.0",
      "dependencies": {
        "react": "19.2.7",
        "react-dom": "19.2.7",
        "react-router-dom": "7.18.0"
      },
      "devDependencies": {
        "@types/react": "19.2.17",
        "@types/react-dom": "19.2.3",
        "@vitejs/plugin-react": "6.0.2",
        "typescript": "5.9.3",
        "vite": "8.0.16"
      }
    },
    "node_modules/react": {
      "version": "19.2.7",
      "resolved": "https://registry.npmjs.org/react/-/react-19.2.7.tgz"
    },
    "node_modules/react-dom": {
      "version": "19.2.7",
      "resolved": "https://registry.npmjs.org/react-dom/-/react-dom-19.2.7.tgz",
      "peerDependencies": {
        "react": "^19.2.7"
      }
    },
    "node_modules/react-router-dom": {
      "version": "7.18.0",
      "resolved": "https://registry.npmjs.org/react-router-dom/-/react-router-dom-7.18.0.tgz",
      "dependencies": {
        "react-router": "7.18.0"
      },
      "peerDependencies": {
        "react": ">=18",
        "react-dom": ">=18"
      }
    },
    "node_modules/@types/react": {
      "version": "19.2.17",
      "resolved": "https://registry.npmjs.org/@types%2freact/-/react-19.2.17.tgz",
      "dev": true,
      "dependencies": {
        "csstype": "^3.2.2"
      }
    },
    "node_modules/@types/react-dom": {
      "version": "19.2.3",
      "resolved": "https://registry.npmjs.org/@types%2freact-dom/-/react-dom-19.2.3.tgz",
      "dev": true,
      "peerDependencies": {
        "@types/react": "^19.2.0"
      }
    },
    "node_modules/@vitejs/plugin-react": {
      "version": "6.0.2",
      "resolved": "https://registry.npmjs.org/@vitejs%2fplugin-react/-/plugin-react-6.0.2.tgz",
      "dev": true,
      "dependencies": {
        "@babel/core": "^7.28.5",
        "@babel/plugin-transform-react-jsx-self": "^7.27.1",
        "@babel/plugin-transform-react-jsx-source": "^7.27.1",
        "@rolldown/pluginutils": "1.0.0-beta.53",
        "@types/babel__core": "^7.20.5",
        "react-refresh": "^0.18.0"
      },
      "peerDependencies": {
        "vite": "^5.0.0 || ^6.0.0 || ^7.0.0 || ^8.0.0"
      }
    },
    "node_modules/typescript": {
      "version": "5.9.3",
      "resolved": "https://registry.npmjs.org/typescript/-/typescript-5.9.3.tgz",
      "dev": true,
      "bin": {
        "tsc": "bin/tsc",
        "tsserver": "bin/tsserver"
      },
      "engines": {
        "node": ">=14.17"
      }
    },
    "node_modules/vite": {
      "version": "8.0.16",
      "resolved": "https://registry.npmjs.org/vite/-/vite-8.0.16.tgz",
      "dev": true,
      "dependencies": {
        "esbuild": "^0.27.0",
        "fdir": "^6.5.0",
        "picomatch": "^4.0.3",
        "postcss": "^8.5.6",
        "rollup": "^4.53.3",
        "tinyglobby": "^0.2.15"
      },
      "peerDependencies": {
        "@types/node": "^20.19.0 || >=22.12.0"
      },
      "peerDependenciesMeta": {
        "@types/node": {
          "optional": true
        }
      },
      "bin": {
        "vite": "bin/vite.js"
      },
      "engines": {
        "node": "^20.19.0 || >=22.12.0"
      }
    },
    "node_modules/react-router": {
      "version": "7.18.0",
      "resolved": "https://registry.npmjs.org/react-router/-/react-router-7.18.0.tgz",
      "peerDependencies": {
        "react": ">=18",
        "react-dom": ">=18"
      }
    },
    "node_modules/csstype": {
      "version": "3.2.3",
      "resolved": "https://registry.npmjs.org/csstype/-/csstype-3.2.3.tgz",
      "dev": true
    },
    "node_modules/react-refresh": {
      "version": "0.18.0",
      "resolved": "https://registry.npmjs.org/react-refresh/-/react-refresh-0.18.0.tgz",
      "dev": true
    },
    "node_modules/@types/babel__core": {
      "version": "7.20.5",
      "resolved": "https://registry.npmjs.org/@types%2fbabel__core/-/babel__core-7.20.5.tgz",
      "dev": true
    }
  }
}
